
Microsoft Visual Studio Solution File, Format Version 12.00
# Visual Studio Version 17
VisualStudioVersion = 17.12.35707.178
MinimumVisualStudioVersion = 10.0.40219.1
Project("{FAE04EC0-301F-11D3-BF4B-00C04F79EFBC}") = "CarvedRock.End2End.Tests", "CarvedRock.End2End.Tests\CarvedRock.End2End.Tests.csproj", "{411E6F6F-BD06-4C28-98E7-89FA626FB200}"
EndProject
Project("{2150E333-8FDC-42A3-9474-1A3956D46DE8}") = "Solution Items", "Solution Items", "{622337C9-C898-43BC-A003-6FE9AA169538}"
	ProjectSection(SolutionItems) = preProject
		.runsettings = .runsettings
		aca-firefox.runsettings = aca-firefox.runsettings
		readme.md = readme.md
	EndProjectSection
EndProject
Global
	GlobalSection(SolutionConfigurationPlatforms) = preSolution
		Debug|Any CPU = Debug|Any CPU
		Release|Any CPU = Release|Any CPU
	EndGlobalSection
	GlobalSection(ProjectConfigurationPlatforms) = postSolution
		{411E6F6F-BD06-4C28-98E7-89FA626FB200}.Debug|Any CPU.ActiveCfg = Debug|Any CPU
		{411E6F6F-BD06-4C28-98E7-89FA626FB200}.Debug|Any CPU.Build.0 = Debug|Any CPU
		{411E6F6F-BD06-4C28-98E7-89FA626FB200}.Release|Any CPU.ActiveCfg = Release|Any CPU
		{411E6F6F-BD06-4C28-98E7-89FA626FB200}.Release|Any CPU.Build.0 = Release|Any CPU
	EndGlobalSection
	GlobalSection(SolutionProperties) = preSolution
		HideSolutionNode = FALSE
	EndGlobalSection
	GlobalSection(ExtensibilityGlobals) = postSolution
		SolutionGuid = {397A7CCA-62F8-4452-86EA-42EE1E8C7906}
	EndGlobalSection
EndGlobal
